Microsoft Visual Studio Solution File, Format Version 12.00
# Visual Studio Version 17
VisualStudioVersion = 17.5.2.0
MinimumVisualStudioVersion = 10.0.40219.1
Project("{FAE04EC0-301F-11D3-BF4B-00C04F79EFBC}") = "MacroLibrary", "MacroLibrary.csproj", "{DEC66C6F-0EEC-1E02-CF88-2E43D4D85AA2}"
EndProject
Global
	GlobalSection(SolutionConfigurationPlatforms) = preSolution
		Debug|Any CPU = Debug|Any CPU
		Release|Any CPU = Release|Any CPU
	EndGlobalSection
	GlobalSection(ProjectConfigurationPlatforms) = postSolution
		{DEC66C6F-0EEC-1E02-CF88-2E43D4D85AA2}.Debug|Any CPU.ActiveCfg = Debug|Any CPU
		{DEC66C6F-0EEC-1E02-CF88-2E43D4D85AA2}.Debug|Any CPU.Build.0 = Debug|Any CPU
		{DEC66C6F-0EEC-1E02-CF88-2E43D4D85AA2}.Release|Any CPU.ActiveCfg = Release|Any CPU
		{DEC66C6F-0EEC-1E02-CF88-2E43D4D85AA2}.Release|Any CPU.Build.0 = Release|Any CPU
	EndGlobalSection
	GlobalSection(SolutionProperties) = preSolution
		HideSolutionNode = FALSE
	EndGlobalSection
	GlobalSection(ExtensibilityGlobals) = postSolution
		SolutionGuid = {6AA70B4B-5D5D-4E30-98B5-52C16C0E23D6}
	EndGlobalSection
EndGlobal
